
Microsoft Visual Studio Solution File, Format Version 12.00
# Visual Studio 15
VisualStudioVersion = 15.0.27924.0
MinimumVisualStudioVersion = 10.0.40219.1
Project("{FAE04EC0-301F-11D3-BF4B-00C04F79EFBC}") = "runracereview", "runracereview\runracereview.csproj", "{DEC4329E-5534-4625-9BD2-F90D42E066E2}"
EndProject
Global
	GlobalSection(SolutionConfigurationPlatforms) = preSolution
		Debug|Any CPU = Debug|Any CPU
		Release|Any CPU = Release|Any CPU
	EndGlobalSection
	GlobalSection(ProjectConfigurationPlatforms) = postSolution
		{DEC4329E-5534-4625-9BD2-F90D42E066E2}.Debug|Any CPU.ActiveCfg = Debug|Any CPU
		{DEC4329E-5534-4625-9BD2-F90D42E066E2}.Debug|Any CPU.Build.0 = Debug|Any CPU
		{DEC4329E-5534-4625-9BD2-F90D42E066E2}.Release|Any CPU.ActiveCfg = Release|Any CPU
		{DEC4329E-5534-4625-9BD2-F90D42E066E2}.Release|Any CPU.Build.0 = Release|Any CPU
	EndGlobalSection
	GlobalSection(SolutionProperties) = preSolution
		HideSolutionNode = FALSE
	EndGlobalSection
	GlobalSection(ExtensibilityGlobals) = postSolution
		SolutionGuid = {25B8E507-853A-4EF1-A6D0-3717F8B52129}
	EndGlobalSection
EndGlobal
